
Microsoft Visual Studio Solution File, Format Version 12.00
# Visual Studio Version 17
VisualStudioVersion = 17.14.37628.2 d17.14
MinimumVisualStudioVersion = 10.0.40219.1
Project("{C9674DCB-5085-4A16-B785-4C70DD1589BD}") = "ClimaTec_ETL", "ClimaTec_ETL.dtproj", "{830E8502-2252-6F11-B608-704C27F34724}"
EndProject
Global
	GlobalSection(SolutionConfigurationPlatforms) = preSolution
		Development|Default = Development|Default
	EndGlobalSection
	GlobalSection(ProjectConfigurationPlatforms) = postSolution
		{830E8502-2252-6F11-B608-704C27F34724}.Development|Default.ActiveCfg = Development
		{830E8502-2252-6F11-B608-704C27F34724}.Development|Default.Build.0 = Development
	EndGlobalSection
	GlobalSection(SolutionProperties) = preSolution
		HideSolutionNode = FALSE
	EndGlobalSection
	GlobalSection(ExtensibilityGlobals) = postSolution
		SolutionGuid = {40DE670F-4930-4A78-88C8-02B6E06E4F65}
	EndGlobalSection
EndGlobal
